
Microsoft Visual Studio Solution File, Format Version 12.00
# Visual Studio Version 16
VisualStudioVersion = 16.0.29728.190
MinimumVisualStudioVersion = 10.0.40219.1
Project("{FAE04EC0-301F-11D3-BF4B-00C04F79EFBC}") = "TouchDetectionLibrary", "TouchDetectionLibrary.csproj", "{F36C47C2-9C8C-40E8-8E24-0CE903CEA6C3}"
EndProject
Project("{FAE04EC0-301F-11D3-BF4B-00C04F79EFBC}") = "TouchDetectionLibraryTest", "..\TouchDetectionLibraryTest\TouchDetectionLibraryTest.csproj", "{5836FE9E-1010-4040-B256-0103EB7D3427}"
EndProject
Global
	GlobalSection(SolutionConfigurationPlatforms) = preSolution
		Debug|Any CPU = Debug|Any CPU
		Release|Any CPU = Release|Any CPU
	EndGlobalSection
	GlobalSection(ProjectConfigurationPlatforms) = postSolution
		{F36C47C2-9C8C-40E8-8E24-0CE903CEA6C3}.Debug|Any CPU.ActiveCfg = Debug|Any CPU
		{F36C47C2-9C8C-40E8-8E24-0CE903CEA6C3}.Debug|Any CPU.Build.0 = Debug|Any CPU
		{F36C47C2-9C8C-40E8-8E24-0CE903CEA6C3}.Release|Any CPU.ActiveCfg = Release|Any CPU
		{F36C47C2-9C8C-40E8-8E24-0CE903CEA6C3}.Release|Any CPU.Build.0 = Release|Any CPU
		{5836FE9E-1010-4040-B256-0103EB7D3427}.Debug|Any CPU.ActiveCfg = Debug|Any CPU
		{5836FE9E-1010-4040-B256-0103EB7D3427}.Debug|Any CPU.Build.0 = Debug|Any CPU
		{5836FE9E-1010-4040-B256-0103EB7D3427}.Release|Any CPU.ActiveCfg = Release|Any CPU
		{5836FE9E-1010-4040-B256-0103EB7D3427}.Release|Any CPU.Build.0 = Release|Any CPU
	EndGlobalSection
	GlobalSection(SolutionProperties) = preSolution
		HideSolutionNode = FALSE
	EndGlobalSection
	GlobalSection(ExtensibilityGlobals) = postSolution
		SolutionGuid = {C4BF74D5-F3FE-486A-AEE3-97D2AFC362FC}
	EndGlobalSection
EndGlobal
